
Microsoft Visual Studio Solution File, Format Version 12.00
# Visual Studio 14
VisualStudioVersion = 14.0.23107.0
MinimumVisualStudioVersion = 10.0.40219.1
Project("{2150E333-8FDC-42A3-9474-1A3956D46DE8}") = "(Solution Items)", "(Solution Items)", "{BD4155EB-FE9A-4A9A-838F-0BD4D71B3142}"
	ProjectSection(SolutionItems) = preProject
		.gitattributes = .gitattributes
		.gitignore = .gitignore
		src\Shared\SharedAnnotations.cs = src\Shared\SharedAnnotations.cs
		src\Shared\SharedAssemblyInfo.cs = src\Shared\SharedAssemblyInfo.cs
		src\Shared\SharedPreconditions.cs = src\Shared\SharedPreconditions.cs
	EndProjectSection
EndProject
Project("{FAE04EC0-301F-11D3-BF4B-00C04F79EFBC}") = "DynamicRestClient", "src\DynamicRestClient\DynamicRestClient.csproj", "{9239DE74-5980-4FA4-87FA-116C9B34B91F}"
EndProject
Project("{FAE04EC0-301F-11D3-BF4B-00C04F79EFBC}") = "DynamicRestClient.Tests", "test\DynamicRestClient.Tests\DynamicRestClient.Tests.csproj", "{125E63A7-0635-4225-B441-B3A3C9A73556}"
EndProject
Project("{2150E333-8FDC-42A3-9474-1A3956D46DE8}") = "Tests", "Tests", "{B512A4C3-23B2-4BC6-A02E-5B4E31E49A31}"
EndProject
Global
	GlobalSection(SolutionConfigurationPlatforms) = preSolution
		Debug|Any CPU = Debug|Any CPU
		Release|Any CPU = Release|Any CPU
	EndGlobalSection
	GlobalSection(ProjectConfigurationPlatforms) = postSolution
		{9239DE74-5980-4FA4-87FA-116C9B34B91F}.Debug|Any CPU.ActiveCfg = Debug|Any CPU
		{9239DE74-5980-4FA4-87FA-116C9B34B91F}.Debug|Any CPU.Build.0 = Debug|Any CPU
		{9239DE74-5980-4FA4-87FA-116C9B34B91F}.Release|Any CPU.ActiveCfg = Release|Any CPU
		{9239DE74-5980-4FA4-87FA-116C9B34B91F}.Release|Any CPU.Build.0 = Release|Any CPU
		{125E63A7-0635-4225-B441-B3A3C9A73556}.Debug|Any CPU.ActiveCfg = Debug|Any CPU
		{125E63A7-0635-4225-B441-B3A3C9A73556}.Debug|Any CPU.Build.0 = Debug|Any CPU
		{125E63A7-0635-4225-B441-B3A3C9A73556}.Release|Any CPU.ActiveCfg = Release|Any CPU
		{125E63A7-0635-4225-B441-B3A3C9A73556}.Release|Any CPU.Build.0 = Release|Any CPU
	EndGlobalSection
	GlobalSection(SolutionProperties) = preSolution
		HideSolutionNode = FALSE
	EndGlobalSection
	GlobalSection(NestedProjects) = preSolution
		{125E63A7-0635-4225-B441-B3A3C9A73556} = {B512A4C3-23B2-4BC6-A02E-5B4E31E49A31}
	EndGlobalSection
EndGlobal
