
Microsoft Visual Studio Solution File, Format Version 12.00
# Visual Studio 14
VisualStudioVersion = 14.0.23107.0
MinimumVisualStudioVersion = 10.0.40219.1
Project("{2150E333-8FDC-42A3-9474-1A3956D46DE8}") = "(Solution Items)", "(Solution Items)", "{BD4155EB-FE9A-4A9A-838F-0BD4D71B3142}"
	ProjectSection(SolutionItems) = preProject
		.gitignore = .gitignore
		README.md = README.md
		Tests.props = Tests.props
		Shared.props = Shared.props
		LICENSE.md = LICENSE.md
	EndProjectSection
EndProject
Project("{2150E333-8FDC-42A3-9474-1A3956D46DE8}") = "Shared Code", "Shared Code", "{BD6FECAE-439C-4549-8555-9C562A787275}"
ProjectSection(SolutionItems) = preProject
	src\JetBrainsAnnotations.cs = src\JetBrainsAnnotations.cs
	src\SharedPreconditions.cs = src\SharedPreconditions.cs
	tests\SharedTestCase.cs = tests\SharedTestCase.cs
EndProjectSection
EndProject
Project("{FAE04EC0-301F-11D3-BF4B-00C04F79EFBC}") = "DynamicHttpClient", "src\DynamicHttpClient\DynamicHttpClient.csproj", "{197FEC6E-8D91-4139-BBB1-9331000BCF09}"
EndProject
Project("{FAE04EC0-301F-11D3-BF4B-00C04F79EFBC}") = "DynamicHttpClient.Tests", "tests\DynamicHttpClient.Tests\DynamicHttpClient.Tests.csproj", "{AF01E573-078C-49E7-8539-FEFE4BCB9C57}"
EndProject
Global
	GlobalSection(SolutionConfigurationPlatforms) = preSolution
		Debug|Any CPU = Debug|Any CPU
		Release|Any CPU = Release|Any CPU
	EndGlobalSection
	GlobalSection(ProjectConfigurationPlatforms) = postSolution
		{197FEC6E-8D91-4139-BBB1-9331000BCF09}.Debug|Any CPU.ActiveCfg = Debug|Any CPU
		{197FEC6E-8D91-4139-BBB1-9331000BCF09}.Debug|Any CPU.Build.0 = Debug|Any CPU
		{197FEC6E-8D91-4139-BBB1-9331000BCF09}.Release|Any CPU.ActiveCfg = Release|Any CPU
		{197FEC6E-8D91-4139-BBB1-9331000BCF09}.Release|Any CPU.Build.0 = Release|Any CPU
		{AF01E573-078C-49E7-8539-FEFE4BCB9C57}.Debug|Any CPU.ActiveCfg = Debug|Any CPU
		{AF01E573-078C-49E7-8539-FEFE4BCB9C57}.Debug|Any CPU.Build.0 = Debug|Any CPU
		{AF01E573-078C-49E7-8539-FEFE4BCB9C57}.Release|Any CPU.ActiveCfg = Release|Any CPU
		{AF01E573-078C-49E7-8539-FEFE4BCB9C57}.Release|Any CPU.Build.0 = Release|Any CPU
	EndGlobalSection
	GlobalSection(SolutionProperties) = preSolution
		HideSolutionNode = FALSE
	EndGlobalSection
	GlobalSection(NestedProjects) = preSolution
		{BD6FECAE-439C-4549-8555-9C562A787275} = {BD4155EB-FE9A-4A9A-838F-0BD4D71B3142}
	EndGlobalSection
EndGlobal
